
Microsoft Visual Studio Solution File, Format Version 12.00
# Visual Studio Version 16
VisualStudioVersion = 16.0.30114.105
MinimumVisualStudioVersion = 10.0.40219.1
Project("{FAE04EC0-301F-11D3-BF4B-00C04F79EFBC}") = "messaging", "messaging\messaging.csproj", "{DA7C768A-EFFA-456B-9E86-D5D06EE95312}"
EndProject
Project("{FAE04EC0-301F-11D3-BF4B-00C04F79EFBC}") = "messaging.tests", "messaging.tests\messaging.tests.csproj", "{B392CFD5-D49A-4CF2-BF70-CF5F29F84C8E}"
EndProject
Project("{FAE04EC0-301F-11D3-BF4B-00C04F79EFBC}") = "status_api", "status_api\status_api.csproj", "{AC6C768B-E5AB-567C-AF97-E6E16FFA6C23}"
EndProject
Project("{FAE04EC0-301F-11D3-BF4B-00C04F79EFBC}") = "status_api.tests", "status_api.tests\status_api.tests.csproj", "{C484FC82-754B-4D24-823E-0E714674CD9E}"
EndProject
Global
	GlobalSection(SolutionConfigurationPlatforms) = preSolution
		Debug|Any CPU = Debug|Any CPU
		Debug|x64 = Debug|x64
		Debug|x86 = Debug|x86
		Release|Any CPU = Release|Any CPU
		Release|x64 = Release|x64
		Release|x86 = Release|x86
	EndGlobalSection
	GlobalSection(SolutionProperties) = preSolution
		HideSolutionNode = FALSE
	EndGlobalSection
	GlobalSection(ProjectConfigurationPlatforms) = postSolution
		{DA7C768A-EFFA-456B-9E86-D5D06EE95312}.Debug|Any CPU.ActiveCfg = Debug|Any CPU
		{DA7C768A-EFFA-456B-9E86-D5D06EE95312}.Debug|Any CPU.Build.0 = Debug|Any CPU
		{DA7C768A-EFFA-456B-9E86-D5D06EE95312}.Debug|x64.ActiveCfg = Debug|Any CPU
		{DA7C768A-EFFA-456B-9E86-D5D06EE95312}.Debug|x64.Build.0 = Debug|Any CPU
		{DA7C768A-EFFA-456B-9E86-D5D06EE95312}.Debug|x86.ActiveCfg = Debug|Any CPU
		{DA7C768A-EFFA-456B-9E86-D5D06EE95312}.Debug|x86.Build.0 = Debug|Any CPU
		{DA7C768A-EFFA-456B-9E86-D5D06EE95312}.Release|Any CPU.ActiveCfg = Release|Any CPU
		{DA7C768A-EFFA-456B-9E86-D5D06EE95312}.Release|Any CPU.Build.0 = Release|Any CPU
		{DA7C768A-EFFA-456B-9E86-D5D06EE95312}.Release|x64.ActiveCfg = Release|Any CPU
		{DA7C768A-EFFA-456B-9E86-D5D06EE95312}.Release|x64.Build.0 = Release|Any CPU
		{DA7C768A-EFFA-456B-9E86-D5D06EE95312}.Release|x86.ActiveCfg = Release|Any CPU
		{DA7C768A-EFFA-456B-9E86-D5D06EE95312}.Release|x86.Build.0 = Release|Any CPU
		{B392CFD5-D49A-4CF2-BF70-CF5F29F84C8E}.Debug|Any CPU.ActiveCfg = Debug|Any CPU
		{B392CFD5-D49A-4CF2-BF70-CF5F29F84C8E}.Debug|Any CPU.Build.0 = Debug|Any CPU
		{B392CFD5-D49A-4CF2-BF70-CF5F29F84C8E}.Debug|x64.ActiveCfg = Debug|Any CPU
		{B392CFD5-D49A-4CF2-BF70-CF5F29F84C8E}.Debug|x64.Build.0 = Debug|Any CPU
		{B392CFD5-D49A-4CF2-BF70-CF5F29F84C8E}.Debug|x86.ActiveCfg = Debug|Any CPU
		{B392CFD5-D49A-4CF2-BF70-CF5F29F84C8E}.Debug|x86.Build.0 = Debug|Any CPU
		{B392CFD5-D49A-4CF2-BF70-CF5F29F84C8E}.Release|Any CPU.ActiveCfg = Release|Any CPU
		{B392CFD5-D49A-4CF2-BF70-CF5F29F84C8E}.Release|Any CPU.Build.0 = Release|Any CPU
		{B392CFD5-D49A-4CF2-BF70-CF5F29F84C8E}.Release|x64.ActiveCfg = Release|Any CPU
		{B392CFD5-D49A-4CF2-BF70-CF5F29F84C8E}.Release|x64.Build.0 = Release|Any CPU
		{B392CFD5-D49A-4CF2-BF70-CF5F29F84C8E}.Release|x86.ActiveCfg = Release|Any CPU
		{B392CFD5-D49A-4CF2-BF70-CF5F29F84C8E}.Release|x86.Build.0 = Release|Any CPU
		{C484FC82-754B-4D24-823E-0E714674CD9E}.Debug|Any CPU.ActiveCfg = Debug|Any CPU
		{C484FC82-754B-4D24-823E-0E714674CD9E}.Debug|Any CPU.Build.0 = Debug|Any CPU
		{C484FC82-754B-4D24-823E-0E714674CD9E}.Debug|x64.ActiveCfg = Debug|Any CPU
		{C484FC82-754B-4D24-823E-0E714674CD9E}.Debug|x64.Build.0 = Debug|Any CPU
		{C484FC82-754B-4D24-823E-0E714674CD9E}.Debug|x86.ActiveCfg = Debug|Any CPU
		{C484FC82-754B-4D24-823E-0E714674CD9E}.Debug|x86.Build.0 = Debug|Any CPU
		{C484FC82-754B-4D24-823E-0E714674CD9E}.Release|Any CPU.ActiveCfg = Release|Any CPU
		{C484FC82-754B-4D24-823E-0E714674CD9E}.Release|Any CPU.Build.0 = Release|Any CPU
		{C484FC82-754B-4D24-823E-0E714674CD9E}.Release|x64.ActiveCfg = Release|Any CPU
		{C484FC82-754B-4D24-823E-0E714674CD9E}.Release|x64.Build.0 = Release|Any CPU
		{C484FC82-754B-4D24-823E-0E714674CD9E}.Release|x86.ActiveCfg = Release|Any CPU
		{C484FC82-754B-4D24-823E-0E714674CD9E}.Release|x86.Build.0 = Release|Any CPU
	EndGlobalSection
EndGlobal
